
Microsoft Visual Studio Solution File, Format Version 12.00
# Visual Studio Version 16
VisualStudioVersion = 16.0.33027.164
MinimumVisualStudioVersion = 10.0.40219.1
Project("{FAE04EC0-301F-11D3-BF4B-00C04F79EFBC}") = "WinFormsApp1", "WinFormsApp1\WinFormsApp1.csproj", "{ACF39E36-0B83-42BD-A5A8-30EF1DACBDB4}"
EndProject
Global
	GlobalSection(SolutionConfigurationPlatforms) = preSolution
		Debug|Any CPU = Debug|Any CPU
		Release|Any CPU = Release|Any CPU
	EndGlobalSection
	GlobalSection(ProjectConfigurationPlatforms) = postSolution
		{ACF39E36-0B83-42BD-A5A8-30EF1DACBDB4}.Debug|Any CPU.ActiveCfg = Debug|Any CPU
		{ACF39E36-0B83-42BD-A5A8-30EF1DACBDB4}.Debug|Any CPU.Build.0 = Debug|Any CPU
		{ACF39E36-0B83-42BD-A5A8-30EF1DACBDB4}.Release|Any CPU.ActiveCfg = Release|Any CPU
		{ACF39E36-0B83-42BD-A5A8-30EF1DACBDB4}.Release|Any CPU.Build.0 = Release|Any CPU
	EndGlobalSection
	GlobalSection(SolutionProperties) = preSolution
		HideSolutionNode = FALSE
	EndGlobalSection
	GlobalSection(ExtensibilityGlobals) = postSolution
		SolutionGuid = {F43A124D-D5D4-4792-B1F9-92789942FC08}
	EndGlobalSection
EndGlobal
